schema: '2.0'
stages:
  preprocess:
    cmd: python src/preprocess.py
    deps:
    - path: data/raw/earthquake_data_tsunami.csv
      hash: md5
      md5: d1c0c258f703cc396211970fd212aa80
      size: 40942
    - path: params.yaml
      hash: md5
      md5: 02078873829b0885ecc2fd19bf185c9e
      size: 762
    - path: src/preprocess.py
      hash: md5
      md5: 4b35df3ba7bb29039226e7d079384d6a
      size: 2178
    params:
      params.yaml:
        preprocess.input: data/raw/earthquake_data_tsunami.csv
        preprocess.output: data/processed/
        preprocess.test_size: 0.2
    outs:
    - path: data/processed/
      hash: md5
      md5: 5c6c4a43948d3e7ae8b103b85c20579a.dir
      size: 183006
      nfiles: 4
  train:
    cmd: python src/train.py
    deps:
    - path: data/processed/
      hash: md5
      md5: 5c6c4a43948d3e7ae8b103b85c20579a.dir
      size: 183006
      nfiles: 4
    - path: params.yaml
      hash: md5
      md5: 02078873829b0885ecc2fd19bf185c9e
      size: 762
    - path: requirements.txt
      hash: md5
      md5: e110f1410bea9c5eb6a7ced87d8e5e31
      size: 71
    - path: src/train.py
      hash: md5
      md5: b0f2b564174950121e3d343cec937e95
      size: 4255
    params:
      params.yaml:
        train.data_path: data/processed
        train.max_depth: 5
        train.model_path: models/model.pkl
        train.n_estimators: 100
    outs:
    - path: models/model.pkl
      hash: md5
      md5: 1eb1d2bc45c1b28520a5a27d50a6d2cb
      size: 334950
